# THIS IS AN AUTOGENERATED FILE. DO NOT EDIT THIS FILE DIRECTLY.
# yarn lockfile v1


autoprefixer@^10.2.5:
  version "10.2.5"
  resolved "https://bnpm.byted.org/autoprefixer/-/autoprefixer-10.2.5.tgz#096a0337dbc96c0873526d7fef5de4428d05382d"
  integrity sha1-CWoDN9vJbAhzUm1/713kQo0FOC0=
  dependencies:
    browserslist "^4.16.3"
    caniuse-lite "^1.0.30001196"
    colorette "^1.2.2"
    fraction.js "^4.0.13"
    normalize-range "^0.1.2"
    postcss-value-parser "^4.1.0"

browserslist@^4.16.3:
  version "4.16.5"
  resolved "https://bnpm.byted.org/browserslist/-/browserslist-4.16.5.tgz#952825440bca8913c62d0021334cbe928ef062ae"
  integrity sha1-lSglRAvKiRPGLQAhM0y+ko7wYq4=
  dependencies:
    caniuse-lite "^1.0.30001214"
    colorette "^1.2.2"
    electron-to-chromium "^1.3.719"
    escalade "^3.1.1"
    node-releases "^1.1.71"

caniuse-lite@^1.0.30001196, caniuse-lite@^1.0.30001214:
  version "1.0.30001219"
  resolved "https://bnpm.byted.org/caniuse-lite/-/caniuse-lite-1.0.30001219.tgz#5bfa5d0519f41f993618bd318f606a4c4c16156b"
  integrity sha1-W/pdBRn0H5k2GL0xj2BqTEwWFWs=

colorette@^1.2.2:
  version "1.2.2"
  resolved "https://bnpm.byted.org/colorette/-/colorette-1.2.2.tgz#cbcc79d5e99caea2dbf10eb3a26fd8b3e6acfa94"
  integrity sha1-y8x51emcrqLb8Q6zom/Ys+as+pQ=

electron-to-chromium@^1.3.719:
  version "1.3.723"
  resolved "https://bnpm.byted.org/electron-to-chromium/-/electron-to-chromium-1.3.723.tgz#52769a75635342a4db29af5f1e40bd3dad02c877"
  integrity sha1-UnaadWNTQqTbKa9fHkC9Pa0CyHc=

escalade@^3.1.1:
  version "3.1.1"
  resolved "https://bnpm.byted.org/escalade/-/escalade-3.1.1.tgz#d8cfdc7000965c5a0174b4a82eaa5c0552742e40"
  integrity sha1-2M/ccACWXFoBdLSoLqpcBVJ0LkA=

fraction.js@^4.0.13:
  version "4.0.13"
  resolved "https://bnpm.byted.org/fraction.js/-/fraction.js-4.0.13.tgz#3c1c315fa16b35c85fffa95725a36fa729c69dfe"
  integrity sha1-PBwxX6FrNchf/6lXJaNvpynGnf4=

nanoid@^3.1.22:
  version "3.1.22"
  resolved "https://bnpm.byted.org/nanoid/-/nanoid-3.1.22.tgz#b35f8fb7d151990a8aebd5aa5015c03cf726f844"
  integrity sha1-s1+Pt9FRmQqK69WqUBXAPPcm+EQ=

node-releases@^1.1.71:
  version "1.1.71"
  resolved "https://bnpm.byted.org/node-releases/-/node-releases-1.1.71.tgz#cb1334b179896b1c89ecfdd4b725fb7bbdfc7dbb"
  integrity sha1-yxM0sXmJaxyJ7P3UtyX7e738fbs=

normalize-range@^0.1.2:
  version "0.1.2"
  resolved "https://bnpm.byted.org/normalize-range/-/normalize-range-0.1.2.tgz#2d10c06bdfd312ea9777695a4d28439456b75942"
  integrity sha1-LRDAa9/TEuqXd2laTShDlFa3WUI=

postcss-value-parser@^4.1.0:
  version "4.1.0"
  resolved "https://bnpm.byted.org/postcss-value-parser/-/postcss-value-parser-4.1.0.tgz#443f6a20ced6481a2bda4fa8532a6e55d789a2cb"
  integrity sha1-RD9qIM7WSBor2k+oUypuVdeJoss=

postcss@^8.2.13:
  version "8.2.13"
  resolved "https://bnpm.byted.org/postcss/-/postcss-8.2.13.tgz#dbe043e26e3c068e45113b1ed6375d2d37e2129f"
  integrity sha1-2+BD4m48Bo5FETse1jddLTfiEp8=
  dependencies:
    colorette "^1.2.2"
    nanoid "^3.1.22"
    source-map "^0.6.1"

source-map@^0.6.1:
  version "0.6.1"
  resolved "https://bnpm.byted.org/source-map/-/source-map-0.6.1.tgz#74722af32e9614e9c287a8d0bbde48b5e2f1a263"
  integrity sha1-dHIq8y6WFOnCh6jQu95IteLxomM=

v8@^0.1.0:
  version "0.1.0"
  resolved "https://bnpm.byted.org/v8/-/v8-0.1.0.tgz#86b9007e730da75186ad9a0ad1e38dd3af36c2bd"
  integrity sha1-hrkAfnMNp1GGrZoK0eON0682wr0=
